
Microsoft Visual Studio Solution File, Format Version 12.00
# Visual Studio Version 17
VisualStudioVersion = 17.9.34723.18
MinimumVisualStudioVersion = 10.0.40219.1
Project("{FAE04EC0-301F-11D3-BF4B-00C04F79EFBC}") = "RogovTRPO5", "RogovTRPO5.csproj", "{CEA8EFFA-C2D0-4E63-AC15-AFAE50E60D2E}"
EndProject
Global
	GlobalSection(SolutionConfigurationPlatforms) = preSolution
		Debug|Any CPU = Debug|Any CPU
		Release|Any CPU = Release|Any CPU
	EndGlobalSection
	GlobalSection(ProjectConfigurationPlatforms) = postSolution
		{CEA8EFFA-C2D0-4E63-AC15-AFAE50E60D2E}.Debug|Any CPU.ActiveCfg = Debug|Any CPU
		{CEA8EFFA-C2D0-4E63-AC15-AFAE50E60D2E}.Debug|Any CPU.Build.0 = Debug|Any CPU
		{CEA8EFFA-C2D0-4E63-AC15-AFAE50E60D2E}.Release|Any CPU.ActiveCfg = Release|Any CPU
		{CEA8EFFA-C2D0-4E63-AC15-AFAE50E60D2E}.Release|Any CPU.Build.0 = Release|Any CPU
	EndGlobalSection
	GlobalSection(SolutionProperties) = preSolution
		HideSolutionNode = FALSE
	EndGlobalSection
	GlobalSection(ExtensibilityGlobals) = postSolution
		SolutionGuid = {4A12BBE6-520B-4905-B0B7-3A3E19E458B0}
	EndGlobalSection
EndGlobal
